
Microsoft Visual Studio Solution File, Format Version 12.00
# Visual Studio Version 17
VisualStudioVersion = 17.5.002.0
MinimumVisualStudioVersion = 10.0.40219.1
Project("{9A19103F-16F7-4668-BE54-9A1E7A4F7556}") = "Bibliotec", "Bibliotec.csproj", "{1328766E-F311-4BFF-B86D-7C73B4D2421E}"
EndProject
Global
	GlobalSection(SolutionConfigurationPlatforms) = preSolution
		Debug|Any CPU = Debug|Any CPU
		Release|Any CPU = Release|Any CPU
	EndGlobalSection
	GlobalSection(ProjectConfigurationPlatforms) = postSolution
		{1328766E-F311-4BFF-B86D-7C73B4D2421E}.Debug|Any CPU.ActiveCfg = Debug|Any CPU
		{1328766E-F311-4BFF-B86D-7C73B4D2421E}.Debug|Any CPU.Build.0 = Debug|Any CPU
		{1328766E-F311-4BFF-B86D-7C73B4D2421E}.Release|Any CPU.ActiveCfg = Release|Any CPU
		{1328766E-F311-4BFF-B86D-7C73B4D2421E}.Release|Any CPU.Build.0 = Release|Any CPU
	EndGlobalSection
	GlobalSection(SolutionProperties) = preSolution
		HideSolutionNode = FALSE
	EndGlobalSection
	GlobalSection(ExtensibilityGlobals) = postSolution
		SolutionGuid = {F92907FF-9C59-4052-9075-70D11D1CD3EF}
	EndGlobalSection
EndGlobal
